
Microsoft Visual Studio Solution File, Format Version 12.00
# Visual Studio 2013
VisualStudioVersion = 12.0.31101.0
MinimumVisualStudioVersion = 10.0.40219.1
Project("{FAE04EC0-301F-11D3-BF4B-00C04F79EFBC}") = "OpenTKGame", "OpenTKLearn\OpenTKGame.csproj", "{6C3A55AC-CB7B-49D8-AAC8-427944A0931E}"
EndProject
Project("{2150E333-8FDC-42A3-9474-1A3956D46DE8}") = "Solution Items", "Solution Items", "{A98E7A8D-2709-46E5-ABA5-1954A6909AE1}"
EndProject
Project("{FAE04EC0-301F-11D3-BF4B-00C04F79EFBC}") = "SmallTK", "SmallTK\SmallTK.csproj", "{911B700C-506E-41CF-8F42-6FF933A7920A}"
EndProject
Global
	GlobalSection(SolutionConfigurationPlatforms) = preSolution
		Debug|Any CPU = Debug|Any CPU
		Debug|Mixed Platforms = Debug|Mixed Platforms
		Debug|x86 = Debug|x86
		Release|Any CPU = Release|Any CPU
		Release|Mixed Platforms = Release|Mixed Platforms
		Release|x86 = Release|x86
	EndGlobalSection
	GlobalSection(ProjectConfigurationPlatforms) = postSolution
		{6C3A55AC-CB7B-49D8-AAC8-427944A0931E}.Debug|Any CPU.ActiveCfg = Debug|Any CPU
		{6C3A55AC-CB7B-49D8-AAC8-427944A0931E}.Debug|Any CPU.Build.0 = Debug|Any CPU
		{6C3A55AC-CB7B-49D8-AAC8-427944A0931E}.Debug|Mixed Platforms.ActiveCfg = Debug|x86
		{6C3A55AC-CB7B-49D8-AAC8-427944A0931E}.Debug|Mixed Platforms.Build.0 = Debug|x86
		{6C3A55AC-CB7B-49D8-AAC8-427944A0931E}.Debug|x86.ActiveCfg = Debug|x86
		{6C3A55AC-CB7B-49D8-AAC8-427944A0931E}.Debug|x86.Build.0 = Debug|x86
		{6C3A55AC-CB7B-49D8-AAC8-427944A0931E}.Release|Any CPU.ActiveCfg = Release|Any CPU
		{6C3A55AC-CB7B-49D8-AAC8-427944A0931E}.Release|Any CPU.Build.0 = Release|Any CPU
		{6C3A55AC-CB7B-49D8-AAC8-427944A0931E}.Release|Mixed Platforms.ActiveCfg = Release|x86
		{6C3A55AC-CB7B-49D8-AAC8-427944A0931E}.Release|Mixed Platforms.Build.0 = Release|x86
		{6C3A55AC-CB7B-49D8-AAC8-427944A0931E}.Release|x86.ActiveCfg = Release|x86
		{6C3A55AC-CB7B-49D8-AAC8-427944A0931E}.Release|x86.Build.0 = Release|x86
		{911B700C-506E-41CF-8F42-6FF933A7920A}.Debug|Any CPU.ActiveCfg = Debug|Any CPU
		{911B700C-506E-41CF-8F42-6FF933A7920A}.Debug|Any CPU.Build.0 = Debug|Any CPU
		{911B700C-506E-41CF-8F42-6FF933A7920A}.Debug|Mixed Platforms.ActiveCfg = Debug|Any CPU
		{911B700C-506E-41CF-8F42-6FF933A7920A}.Debug|Mixed Platforms.Build.0 = Debug|Any CPU
		{911B700C-506E-41CF-8F42-6FF933A7920A}.Debug|x86.ActiveCfg = Debug|x86
		{911B700C-506E-41CF-8F42-6FF933A7920A}.Debug|x86.Build.0 = Debug|x86
		{911B700C-506E-41CF-8F42-6FF933A7920A}.Release|Any CPU.ActiveCfg = Release|Any CPU
		{911B700C-506E-41CF-8F42-6FF933A7920A}.Release|Any CPU.Build.0 = Release|Any CPU
		{911B700C-506E-41CF-8F42-6FF933A7920A}.Release|Mixed Platforms.ActiveCfg = Release|Any CPU
		{911B700C-506E-41CF-8F42-6FF933A7920A}.Release|Mixed Platforms.Build.0 = Release|Any CPU
		{911B700C-506E-41CF-8F42-6FF933A7920A}.Release|x86.ActiveCfg = Release|x86
		{911B700C-506E-41CF-8F42-6FF933A7920A}.Release|x86.Build.0 = Release|x86
	EndGlobalSection
	GlobalSection(SolutionProperties) = preSolution
		HideSolutionNode = FALSE
	EndGlobalSection
	GlobalSection(MonoDevelopProperties) = preSolution
		StartupItem = OpenTKLearn\OpenTKLearn.csproj
	EndGlobalSection
EndGlobal
